
Microsoft Visual Studio Solution File, Format Version 12.00
Project("{2150E333-8FDC-42A3-9474-1A3956D46DE8}") = "src", "src", "{53A5705D-BA29-439D-8603-7F5D88A6E718}"
EndProject
Project("{FAE04EC0-301F-11D3-BF4B-00C04F79EFBC}") = "Domain", "src\Domain\Domain.csproj", "{836B2197-3CA6-4D5A-8385-801B31BACF26}"
EndProject
Project("{FAE04EC0-301F-11D3-BF4B-00C04F79EFBC}") = "Portal", "src\Portal\Portal.csproj", "{0C809E45-0B52-40A8-929F-15CF69AF4FAF}"
EndProject
Project("{FAE04EC0-301F-11D3-BF4B-00C04F79EFBC}") = "Repositories", "src\Repositories\Repositories.csproj", "{9979BBF5-B189-4189-B78F-5687469C5844}"
EndProject
Project("{FAE04EC0-301F-11D3-BF4B-00C04F79EFBC}") = "Api", "src\Api\Api.csproj", "{6A4D6E37-CC69-4C2E-98BB-6B17E37FB7C3}"
EndProject
Global
	GlobalSection(SolutionConfigurationPlatforms) = preSolution
		Debug|Any CPU = Debug|Any CPU
		Release|Any CPU = Release|Any CPU
	EndGlobalSection
	GlobalSection(NestedProjects) = preSolution
		{836B2197-3CA6-4D5A-8385-801B31BACF26} = {53A5705D-BA29-439D-8603-7F5D88A6E718}
		{0C809E45-0B52-40A8-929F-15CF69AF4FAF} = {53A5705D-BA29-439D-8603-7F5D88A6E718}
		{9979BBF5-B189-4189-B78F-5687469C5844} = {53A5705D-BA29-439D-8603-7F5D88A6E718}
		{6A4D6E37-CC69-4C2E-98BB-6B17E37FB7C3} = {53A5705D-BA29-439D-8603-7F5D88A6E718}
	EndGlobalSection
	GlobalSection(ProjectConfigurationPlatforms) = postSolution
		{836B2197-3CA6-4D5A-8385-801B31BACF26}.Debug|Any CPU.ActiveCfg = Debug|Any CPU
		{836B2197-3CA6-4D5A-8385-801B31BACF26}.Debug|Any CPU.Build.0 = Debug|Any CPU
		{836B2197-3CA6-4D5A-8385-801B31BACF26}.Release|Any CPU.ActiveCfg = Release|Any CPU
		{836B2197-3CA6-4D5A-8385-801B31BACF26}.Release|Any CPU.Build.0 = Release|Any CPU
		{0C809E45-0B52-40A8-929F-15CF69AF4FAF}.Debug|Any CPU.ActiveCfg = Debug|Any CPU
		{0C809E45-0B52-40A8-929F-15CF69AF4FAF}.Debug|Any CPU.Build.0 = Debug|Any CPU
		{0C809E45-0B52-40A8-929F-15CF69AF4FAF}.Release|Any CPU.ActiveCfg = Release|Any CPU
		{0C809E45-0B52-40A8-929F-15CF69AF4FAF}.Release|Any CPU.Build.0 = Release|Any CPU
		{9979BBF5-B189-4189-B78F-5687469C5844}.Debug|Any CPU.ActiveCfg = Debug|Any CPU
		{9979BBF5-B189-4189-B78F-5687469C5844}.Debug|Any CPU.Build.0 = Debug|Any CPU
		{9979BBF5-B189-4189-B78F-5687469C5844}.Release|Any CPU.ActiveCfg = Release|Any CPU
		{9979BBF5-B189-4189-B78F-5687469C5844}.Release|Any CPU.Build.0 = Release|Any CPU
		{6A4D6E37-CC69-4C2E-98BB-6B17E37FB7C3}.Debug|Any CPU.ActiveCfg = Debug|Any CPU
		{6A4D6E37-CC69-4C2E-98BB-6B17E37FB7C3}.Debug|Any CPU.Build.0 = Debug|Any CPU
		{6A4D6E37-CC69-4C2E-98BB-6B17E37FB7C3}.Release|Any CPU.ActiveCfg = Release|Any CPU
		{6A4D6E37-CC69-4C2E-98BB-6B17E37FB7C3}.Release|Any CPU.Build.0 = Release|Any CPU
	EndGlobalSection
EndGlobal
